
Microsoft Visual Studio Solution File, Format Version 12.00
# Visual Studio Version 17
VisualStudioVersion = 17.1.32210.238
MinimumVisualStudioVersion = 10.0.40219.1
Project("{8BC9CEB8-8B4A-11D0-8D11-00A0C91BC942}") = "test9", "test9.vcxproj", "{782CCAEF-4F1E-4BD8-81BE-0ECCEEB9D587}"
EndProject
Global
	GlobalSection(SolutionConfigurationPlatforms) = preSolution
		Debug|x64 = Debug|x64
		Debug|x86 = Debug|x86
		Release|x64 = Release|x64
		Release|x86 = Release|x86
	EndGlobalSection
	GlobalSection(ProjectConfigurationPlatforms) = postSolution
		{782CCAEF-4F1E-4BD8-81BE-0ECCEEB9D587}.Debug|x64.ActiveCfg = Debug|x64
		{782CCAEF-4F1E-4BD8-81BE-0ECCEEB9D587}.Debug|x64.Build.0 = Debug|x64
		{782CCAEF-4F1E-4BD8-81BE-0ECCEEB9D587}.Debug|x86.ActiveCfg = Debug|Win32
		{782CCAEF-4F1E-4BD8-81BE-0ECCEEB9D587}.Debug|x86.Build.0 = Debug|Win32
		{782CCAEF-4F1E-4BD8-81BE-0ECCEEB9D587}.Release|x64.ActiveCfg = Release|x64
		{782CCAEF-4F1E-4BD8-81BE-0ECCEEB9D587}.Release|x64.Build.0 = Release|x64
		{782CCAEF-4F1E-4BD8-81BE-0ECCEEB9D587}.Release|x86.ActiveCfg = Release|Win32
		{782CCAEF-4F1E-4BD8-81BE-0ECCEEB9D587}.Release|x86.Build.0 = Release|Win32
	EndGlobalSection
	GlobalSection(SolutionProperties) = preSolution
		HideSolutionNode = FALSE
	EndGlobalSection
	GlobalSection(ExtensibilityGlobals) = postSolution
		SolutionGuid = {FECA3ED1-D6F6-41C1-8364-30E20DD55BE1}
	EndGlobalSection
EndGlobal
