
Microsoft Visual Studio Solution File, Format Version 12.00
# Visual Studio Version 17
VisualStudioVersion = 17.1.32210.238
MinimumVisualStudioVersion = 10.0.40219.1
Project("{8BC9CEB8-8B4A-11D0-8D11-00A0C91BC942}") = "test4", "test4.vcxproj", "{35C069FF-0372-4B10-978D-6DC5577932AF}"
EndProject
Global
	GlobalSection(SolutionConfigurationPlatforms) = preSolution
		Debug|x64 = Debug|x64
		Debug|x86 = Debug|x86
		Release|x64 = Release|x64
		Release|x86 = Release|x86
	EndGlobalSection
	GlobalSection(ProjectConfigurationPlatforms) = postSolution
		{35C069FF-0372-4B10-978D-6DC5577932AF}.Debug|x64.ActiveCfg = Debug|x64
		{35C069FF-0372-4B10-978D-6DC5577932AF}.Debug|x64.Build.0 = Debug|x64
		{35C069FF-0372-4B10-978D-6DC5577932AF}.Debug|x86.ActiveCfg = Debug|Win32
		{35C069FF-0372-4B10-978D-6DC5577932AF}.Debug|x86.Build.0 = Debug|Win32
		{35C069FF-0372-4B10-978D-6DC5577932AF}.Release|x64.ActiveCfg = Release|x64
		{35C069FF-0372-4B10-978D-6DC5577932AF}.Release|x64.Build.0 = Release|x64
		{35C069FF-0372-4B10-978D-6DC5577932AF}.Release|x86.ActiveCfg = Release|Win32
		{35C069FF-0372-4B10-978D-6DC5577932AF}.Release|x86.Build.0 = Release|Win32
	EndGlobalSection
	GlobalSection(SolutionProperties) = preSolution
		HideSolutionNode = FALSE
	EndGlobalSection
	GlobalSection(ExtensibilityGlobals) = postSolution
		SolutionGuid = {C9B5F62B-C4D4-43F4-9259-3D9A81B3F224}
	EndGlobalSection
EndGlobal
